
Microsoft Visual Studio Solution File, Format Version 12.00
Project("{FAE04EC0-301F-11D3-BF4B-00C04F79EFBC}") = "GenerateDto", "GenerateDto\GenerateDto.csproj", "{D4CB339E-1892-4EFE-918D-8AABF0829A20}"
EndProject
Global
	GlobalSection(SolutionConfigurationPlatforms) = preSolution
		Debug|Any CPU = Debug|Any CPU
		Release|Any CPU = Release|Any CPU
	EndGlobalSection
	GlobalSection(ProjectConfigurationPlatforms) = postSolution
		{D4CB339E-1892-4EFE-918D-8AABF0829A20}.Debug|Any CPU.ActiveCfg = Debug|Any CPU
		{D4CB339E-1892-4EFE-918D-8AABF0829A20}.Debug|Any CPU.Build.0 = Debug|Any CPU
		{D4CB339E-1892-4EFE-918D-8AABF0829A20}.Release|Any CPU.ActiveCfg = Release|Any CPU
		{D4CB339E-1892-4EFE-918D-8AABF0829A20}.Release|Any CPU.Build.0 = Release|Any CPU
	EndGlobalSection
EndGlobal
